{
  "requires": true,
  "lockfileVersion": 1,
  "dependencies": {
    "react-text-highlighting": {
      "version": "0.0.5",
      "resolved": "https://registry.npmjs.org/react-text-highlighting/-/react-text-highlighting-0.0.5.tgz",
      "integrity": "sha1-1/ftplUp42XcEYYbpSSrE6DDy/4="
    }
  }
}
